
Microsoft Visual Studio Solution File, Format Version 12.00
# Visual Studio Version 16
VisualStudioVersion = 16.0.31112.23
MinimumVisualStudioVersion = 10.0.40219.1
Project("{FAE04EC0-301F-11D3-BF4B-00C04F79EFBC}") = "BSSceneToHotKey", "BSSceneToHotKey\BSSceneToHotKey.csproj", "{2993DB30-156B-478C-B007-4E80EE56402B}"
EndProject
Global
	GlobalSection(SolutionConfigurationPlatforms) = preSolution
		Debug|Any CPU = Debug|Any CPU
		Release|Any CPU = Release|Any CPU
	EndGlobalSection
	GlobalSection(ProjectConfigurationPlatforms) = postSolution
		{2993DB30-156B-478C-B007-4E80EE56402B}.Debug|Any CPU.ActiveCfg = Debug|Any CPU
		{2993DB30-156B-478C-B007-4E80EE56402B}.Debug|Any CPU.Build.0 = Debug|Any CPU
		{2993DB30-156B-478C-B007-4E80EE56402B}.Release|Any CPU.ActiveCfg = Release|Any CPU
		{2993DB30-156B-478C-B007-4E80EE56402B}.Release|Any CPU.Build.0 = Release|Any CPU
	EndGlobalSection
	GlobalSection(SolutionProperties) = preSolution
		HideSolutionNode = FALSE
	EndGlobalSection
	GlobalSection(ExtensibilityGlobals) = postSolution
		SolutionGuid = {706BA53B-8E2B-4573-9684-6339AFFFCA1E}
	EndGlobalSection
EndGlobal
